
Microsoft Visual Studio Solution File, Format Version 12.00
# Visual Studio Version 16
VisualStudioVersion = 16.0.29424.173
MinimumVisualStudioVersion = 10.0.40219.1
Project("{9A19103F-16F7-4668-BE54-9A1E7A4F7556}") = "COMP4952", "COMP4952.csproj", "{0935CFCA-982F-4779-99B9-3A1796491B71}"
EndProject
Global
	GlobalSection(SolutionConfigurationPlatforms) = preSolution
		Debug|Any CPU = Debug|Any CPU
		Release|Any CPU = Release|Any CPU
	EndGlobalSection
	GlobalSection(ProjectConfigurationPlatforms) = postSolution
		{0935CFCA-982F-4779-99B9-3A1796491B71}.Debug|Any CPU.ActiveCfg = Debug|Any CPU
		{0935CFCA-982F-4779-99B9-3A1796491B71}.Debug|Any CPU.Build.0 = Debug|Any CPU
		{0935CFCA-982F-4779-99B9-3A1796491B71}.Release|Any CPU.ActiveCfg = Release|Any CPU
		{0935CFCA-982F-4779-99B9-3A1796491B71}.Release|Any CPU.Build.0 = Release|Any CPU
	EndGlobalSection
	GlobalSection(SolutionProperties) = preSolution
		HideSolutionNode = FALSE
	EndGlobalSection
	GlobalSection(ExtensibilityGlobals) = postSolution
		SolutionGuid = {C37EF5CB-DDB0-449D-AAAD-0933780352E9}
	EndGlobalSection
EndGlobal
